lockfileVersion: '9.0'

settings:
  autoInstallPeers: true
  excludeLinksFromLockfile: false

importers:

  .:
    devDependencies:
      '@codama/renderers-js':
        specifier: ^1.1.0
        version: 1.1.0(fastestsmallesttextencoderdecoder@1.0.22)(typescript@5.7.2)
      '@codama/renderers-rust':
        specifier: ^1.0.4
        version: 1.0.4(fastestsmallesttextencoderdecoder@1.0.22)(typescript@5.7.2)
      '@iarna/toml':
        specifier: ^2.2.5
        version: 2.2.5
      codama:
        specifier: ^1.1.0
        version: 1.1.0
      typescript:
        specifier: ^5.7.2
        version: 5.7.2
      zx:
        specifier: ^8.2.4
        version: 8.2.4

packages:

  '@codama/errors@1.1.0':
    resolution: {integrity: sha512-njLWTPYgz5uJP02617CX0BZCHGHrHnQvKroU0z4YcJZiaMQlw3VLzb+e2ZU2X+uVpp+3ITJZ9yexuoEhJBVQdQ==}
    hasBin: true

  '@codama/node-types@1.1.0':
    resolution: {integrity: sha512-+J6E0didCY0+8dr2vI6ag+FMaMr3SemvXJYKOhxKEJ6HXR/J+7cddpptXyrIhLa8R2Kw0yzIG9VjAlUGL7u8OQ==}

  '@codama/nodes-from-anchor@1.0.1':
    resolution: {integrity: sha512-9sITAJyWxjbuBqeSmiA/AzN15+65KvycPJmc0ReWWsbqBCblr0A5jeA/zFbfILRFcu6MVyJXpQvl42FZ/vAL1g==}

  '@codama/nodes@1.1.0':
    resolution: {integrity: sha512-a6lX45CqfvdU5jKx63zWVEUbyAjEKqjye3EkboKNEJIM0RDmDwtTqNuQBR8HHx9nO7EBPypxYOXtGpmVXg0xYw==}

  '@codama/renderers-core@1.0.1':
    resolution: {integrity: sha512-EOOQx2s5t6huVJRXwwLC6adyqSuDPVKIWXiDhy5uyJBRlNk18/vb4OmVoXTIWb6mS64m/j0DuyrWJWzIUUJ84w==}

  '@codama/renderers-js@1.1.0':
    resolution: {integrity: sha512-LeFLDlKb726q6VARnuKCQ0qV2c0xS6s7U1jF7WrecMj3zrWy5hN1yGKKEZdItq95M0JOawbHbejjP9aiJ4R7Kw==}

  '@codama/renderers-rust@1.0.4':
    resolution: {integrity: sha512-+THq6bCInn30dKEGGNrilnbaitA8A3pOjfsqwka/i3Aip5x5At6lk7VcQwoWzDvvcy/2FHaOVi3hmlc28d8maw==}

  '@codama/validators@1.1.0':
    resolution: {integrity: sha512-TVzTjN2m1bGauLnqJE12lZfZf1L2C9Hal7/i0sjNmtc3UbUL7pIH5Rp4bFSyfDuyhMD0JfxtJqr3YlK6yXoqkA==}

  '@codama/visitors-core@1.1.0':
    resolution: {integrity: sha512-NBJAgGmVdFIWHDsKSKjTYbIfSZRyRzgqPzmHFgRIRjy4Uw63zOwP5Yk1bctWrP6YRlGjrTunfVkOIA6QiVr6lg==}

  '@codama/visitors@1.1.0':
    resolution: {integrity: sha512-QpAShuxemS8oplHDXNqnUnYwhJq58RZjfZ/KMIpdm88OCBnQRO4YfM/zQLEvXjA+tpwJpe4WnL6opTLLnSYThw==}

  '@iarna/toml@2.2.5':
    resolution: {integrity: sha512-trnsAYxU3xnS1gPHPyU961coFyLkh4gAD/0zQ5mymY4yOZ+CYvsPqUbOFSw0aDM4y0tV7tiFxL/1XfXPNC6IPg==}

  '@noble/hashes@1.5.0':
    resolution: {integrity: sha512-1j6kQFb7QRru7eKN3ZDvRcP13rugwdxZqCjbiAVZfIJwgj2A65UmT4TgARXGlXgnRkORLTDTrO19ZErt7+QXgA==}
    engines: {node: ^14.21.3 || >=16}

  '@solana/codecs-core@2.0.0-rc.4':
    resolution: {integrity: sha512-JIrTSps032mSE3wBxW3bXOqWfoy4CMy1CX/XeVCijyh5kLVxZTSDIdRTYdePdL1yzaOZF1Xysvt1DhOUgBdM+A==}
    engines: {node: '>=20.18.0'}
    peerDependencies:
      typescript: '>=5'

  '@solana/codecs-numbers@2.0.0-rc.4':
    resolution: {integrity: sha512-ZJR7TaUO65+3Hzo3YOOUCS0wlzh17IW+j0MZC2LCk1R0woaypRpHKj4iSMYeQOZkMxsd9QT3WNvjFrPC2qA6Sw==}
    engines: {node: '>=20.18.0'}
    peerDependencies:
      typescript: '>=5'

  '@solana/codecs-strings@2.0.0-rc.4':
    resolution: {integrity: sha512-LGfK2RL0BKjYYUfzu2FG/gTgCsYOMz9FKVs2ntji6WneZygPxJTV5W98K3J8Rl0JewpCSCFQH3xjLSHBJUS0fA==}
    engines: {node: '>=20.18.0'}
    peerDependencies:
      fastestsmallesttextencoderdecoder: ^1.0.22
      typescript: '>=5'

  '@solana/errors@2.0.0-rc.4':
    resolution: {integrity: sha512-0PPaMyB81keEHG/1pnyEuiBVKctbXO641M2w3CIOrYT/wzjunfF0FTxsqq9wYJeYo0AyiefCKGgSPs6wiY2PpQ==}
    engines: {node: '>=20.18.0'}
    hasBin: true
    peerDependencies:
      typescript: '>=5'

  '@types/fs-extra@11.0.4':
    resolution: {integrity: sha512-yTbItCNreRooED33qjunPthRcSjERP1r4MqCZc7wv0u2sUkzTFp45tgUfS5+r7FrZPdmCCNflLhVSP/o+SemsQ==}

  '@types/jsonfile@6.1.4':
    resolution: {integrity: sha512-D5qGUYwjvnNNextdU59/+fI+spnwtTFmyQP0h+PfIOSkNfpU6AOICUOkm4i0OnSk+NyjdPJrxCDro0sJsWlRpQ==}

  '@types/node@22.9.0':
    resolution: {integrity: sha512-vuyHg81vvWA1Z1ELfvLko2c8f34gyA0zaic0+Rllc5lbCnbSyuvb2Oxpm6TAUAC/2xZN3QGqxBNggD1nNR2AfQ==}

  a-sync-waterfall@1.0.1:
    resolution: {integrity: sha512-RYTOHHdWipFUliRFMCS4X2Yn2X8M87V/OpSqWzKKOGhzqyUxzyVmhHDH9sAvG+ZuQf/TAOFsLCpMw09I1ufUnA==}

  asap@2.0.6:
    resolution: {integrity: sha512-BSHWgDSAiKs50o2Re8ppvp3seVHXSRM44cdSsT9FfNEUUZLOGWVCsiWaRPWM1Znn+mqZ1OfVZ3z3DWEzSp7hRA==}

  call-bind@1.0.7:
    resolution: {integrity: sha512-GHTSNSYICQ7scH7sZ+M2rFopRoLh8t2bLSW6BbgrtLsahOIB5iyAVJf9GjWK3cYTDaMj4XdBpM1cA6pIS0Kv2w==}
    engines: {node: '>= 0.4'}

  chalk@5.3.0:
    resolution: {integrity: sha512-dLitG79d+GV1Nb/VYcCDFivJeK1hiukt9QjRNVOsUtTy1rR1YJsmpGGTZ3qJos+uw7WmWF4wUwBd9jxjocFC2w==}
    engines: {node: ^12.17.0 || ^14.13 || >=16.0.0}

  codama@1.1.0:
    resolution: {integrity: sha512-dr0iTND6q9goY0CwNmX5tk53iJ/KhziN/js/x2g4Dvl5K6tUGy+iR20yeBYw8lq1rwUDIocOEgKVq/HcKOI9yA==}

  commander@12.1.0:
    resolution: {integrity: sha512-Vw8qHK3bZM9y/P10u3Vib8o/DdkvA2OtPtZvD871QKjy74Wj1WSKFILMPRPSdUSx5RFK1arlJzEtA4PkFgnbuA==}
    engines: {node: '>=18'}

  commander@5.1.0:
    resolution: {integrity: sha512-P0CysNDQ7rtVw4QIQtm+MRxV66vKFSvlsQvGYXZWR3qFU0jlMKHZZZgw8e+8DSah4UDKMqnknRDQz+xuQXQ/Zg==}
    engines: {node: '>= 6'}

  define-data-property@1.1.4:
    resolution: {integrity: sha512-rBMvIzlpA8v6E+SJZoo++HAYqsLrkg7MSfIinMPFhmkorw7X+dOXVJQs+QT69zGkzMyfDnIMN2Wid1+NbL3T+A==}
    engines: {node: '>= 0.4'}

  es-define-property@1.0.0:
    resolution: {integrity: sha512-jxayLKShrEqqzJ0eumQbVhTYQM27CfT1T35+gCgDFoL82JLsXqTJ76zv6A0YLOgEnLUMvLzsDsGIrl8NFpT2gQ==}
    engines: {node: '>= 0.4'}

  es-errors@1.3.0:
    resolution: {integrity: sha512-Zf5H2Kxt2xjTvbJvP2ZWLEICxA6j+hAmMzIlypy4xcBg1vKVnx89Wy0GbS+kf5cwCVFFzdCFh2XSCFNULS6csw==}
    engines: {node: '>= 0.4'}

  fastestsmallesttextencoderdecoder@1.0.22:
    resolution: {integrity: sha512-Pb8d48e+oIuY4MaM64Cd7OW1gt4nxCHs7/ddPPZ/Ic3sg8yVGM7O9wDvZ7us6ScaUupzM+pfBolwtYhN1IxBIw==}

  function-bind@1.1.2:
    resolution: {integrity: sha512-7XHNxH7qX9xG5mIwxkhumTox/MIRNcOgDrxWsMt2pAr23WHp6MrRlN7FBSFpCpr+oVO0F744iUgR82nJMfG2SA==}

  get-intrinsic@1.2.4:
    resolution: {integrity: sha512-5uYhsJH8VJBTv7oslg4BznJYhDoRI6waYCxMmCdnTrcCrHA/fCFKoTFz2JKKE0HdDFUF7/oQuhzumXJK7paBRQ==}
    engines: {node: '>= 0.4'}

  gopd@1.0.1:
    resolution: {integrity: sha512-d65bNlIadxvpb/A2abVdlqKqV563juRnZ1Wtk6s1sIR8uNsXR70xqIzVqxVf1eTqDunwT2MkczEeaezCKTZhwA==}

  has-property-descriptors@1.0.2:
    resolution: {integrity: sha512-55JNKuIW+vq4Ke1BjOTjM2YctQIvCT7GFzHwmfZPGo5wnrgkid0YQtnAleFSqumZm4az3n2BS+erby5ipJdgrg==}

  has-proto@1.0.3:
    resolution: {integrity: sha512-SJ1amZAJUiZS+PhsVLf5tGydlaVB8EdFpaSO4gmiUKUOxk8qzn5AIy4ZeJUmh22znIdk/uMAUT2pl3FxzVUH+Q==}
    engines: {node: '>= 0.4'}

  has-symbols@1.0.3:
    resolution: {integrity: sha512-l3LCuF6MgDNwTDKkdYGEihYjt5pRPbEg46rtlmnSPlUbgmB8LOIrKJbYYFBSbnPaJexMKtiPO8hmeRjRz2Td+A==}
    engines: {node: '>= 0.4'}

  hasown@2.0.2:
    resolution: {integrity: sha512-0hJU9SCPvmMzIBdZFqNPXWa6dqh7WdH0cII9y+CyS8rG3nL48Bclra9HmKhVVUHyPWNH5Y7xDwAB7bfgSjkUMQ==}
    engines: {node: '>= 0.4'}

  isarray@2.0.5:
    resolution: {integrity: sha512-xHjhDr3cNBK0BzdUJSPXZntQUx/mwMS5Rw4A7lPJ90XGAO6ISP/ePDNuo0vhqOZU+UD5JoodwCAAoZQd3FeAKw==}

  json-stable-stringify@1.1.1:
    resolution: {integrity: sha512-SU/971Kt5qVQfJpyDveVhQ/vya+5hvrjClFOcr8c0Fq5aODJjMwutrOfCU+eCnVD5gpx1Q3fEqkyom77zH1iIg==}
    engines: {node: '>= 0.4'}

  jsonify@0.0.1:
    resolution: {integrity: sha512-2/Ki0GcmuqSrgFyelQq9M05y7PS0mEwuIzrf3f1fPqkVDVRvZrPZtVSMHxdgo8Aq0sxAOb/cr2aqqA3LeWHVPg==}

  nunjucks@3.2.4:
    resolution: {integrity: sha512-26XRV6BhkgK0VOxfbU5cQI+ICFUtMLixv1noZn1tGU38kQH5A5nmmbk/O45xdyBhD1esk47nKrY0mvQpZIhRjQ==}
    engines: {node: '>= 6.9.0'}
    hasBin: true
    peerDependencies:
      chokidar: ^3.3.0
    peerDependenciesMeta:
      chokidar:
        optional: true

  object-keys@1.1.1:
    resolution: {integrity: sha512-NuAESUOUMrlIXOfHKzD6bpPu3tYt3xvjNdRIQ+FeT0lNb4K8WR70CaDxhuNguS2XG+GjkyMwOzsN5ZktImfhLA==}
    engines: {node: '>= 0.4'}

  prettier@3.3.3:
    resolution: {integrity: sha512-i2tDNA0O5IrMO757lfrdQZCc2jPNDVntV0m/+4whiDfWaTKfMNgR7Qz0NAeGz/nRqF4m5/6CLzbP4/liHt12Ew==}
    engines: {node: '>=14'}
    hasBin: true

  set-function-length@1.2.2:
    resolution: {integrity: sha512-pgRc4hJ4/sNjWCSS9AmnS40x3bNMDTknHgL5UaMBTMyJnU90EgWh1Rz+MC9eFu4BuN/UwZjKQuY/1v3rM7HMfg==}
    engines: {node: '>= 0.4'}

  typescript@5.7.2:
    resolution: {integrity: sha512-i5t66RHxDvVN40HfDd1PsEThGNnlMCMT3jMUuoh9/0TaqWevNontacunWyN02LA9/fIbEWlcHZcgTKb9QoaLfg==}
    engines: {node: '>=14.17'}
    hasBin: true

  undici-types@6.19.8:
    resolution: {integrity: sha512-ve2KP6f/JnbPBFyobGHuerC9g1FYGn/F8n1LWTwNxCEzd6IfqTwUQcNXgEtmmQ6DlRrC1hrSrBnCZPokRrDHjw==}

  zx@8.2.4:
    resolution: {integrity: sha512-g9wVU+5+M+zVen/3IyAZfsZFmeqb6vDfjqFggakviz5uLK7OAejOirX+jeTOkyvAh/OYRlCgw+SdqzN7F61QVQ==}
    engines: {node: '>= 12.17.0'}
    hasBin: true

snapshots:

  '@codama/errors@1.1.0':
    dependencies:
      '@codama/node-types': 1.1.0
      chalk: 5.3.0
      commander: 12.1.0

  '@codama/node-types@1.1.0': {}

  '@codama/nodes-from-anchor@1.0.1':
    dependencies:
      '@codama/errors': 1.1.0
      '@codama/nodes': 1.1.0
      '@codama/visitors': 1.1.0
      '@noble/hashes': 1.5.0

  '@codama/nodes@1.1.0':
    dependencies:
      '@codama/errors': 1.1.0
      '@codama/node-types': 1.1.0

  '@codama/renderers-core@1.0.1':
    dependencies:
      '@codama/errors': 1.1.0
      '@codama/nodes': 1.1.0
      '@codama/visitors-core': 1.1.0

  '@codama/renderers-js@1.1.0(fastestsmallesttextencoderdecoder@1.0.22)(typescript@5.7.2)':
    dependencies:
      '@codama/errors': 1.1.0
      '@codama/nodes': 1.1.0
      '@codama/nodes-from-anchor': 1.0.1
      '@codama/renderers-core': 1.0.1
      '@codama/visitors-core': 1.1.0
      '@solana/codecs-strings': 2.0.0-rc.4(fastestsmallesttextencoderdecoder@1.0.22)(typescript@5.7.2)
      nunjucks: 3.2.4
      prettier: 3.3.3
    transitivePeerDependencies:
      - chokidar
      - fastestsmallesttextencoderdecoder
      - typescript

  '@codama/renderers-rust@1.0.4(fastestsmallesttextencoderdecoder@1.0.22)(typescript@5.7.2)':
    dependencies:
      '@codama/errors': 1.1.0
      '@codama/nodes': 1.1.0
      '@codama/renderers-core': 1.0.1
      '@codama/visitors-core': 1.1.0
      '@solana/codecs-strings': 2.0.0-rc.4(fastestsmallesttextencoderdecoder@1.0.22)(typescript@5.7.2)
      nunjucks: 3.2.4
    transitivePeerDependencies:
      - chokidar
      - fastestsmallesttextencoderdecoder
      - typescript

  '@codama/validators@1.1.0':
    dependencies:
      '@codama/errors': 1.1.0
      '@codama/nodes': 1.1.0
      '@codama/visitors-core': 1.1.0

  '@codama/visitors-core@1.1.0':
    dependencies:
      '@codama/errors': 1.1.0
      '@codama/nodes': 1.1.0
      json-stable-stringify: 1.1.1

  '@codama/visitors@1.1.0':
    dependencies:
      '@codama/errors': 1.1.0
      '@codama/nodes': 1.1.0
      '@codama/visitors-core': 1.1.0

  '@iarna/toml@2.2.5': {}

  '@noble/hashes@1.5.0': {}

  '@solana/codecs-core@2.0.0-rc.4(typescript@5.7.2)':
    dependencies:
      '@solana/errors': 2.0.0-rc.4(typescript@5.7.2)
      typescript: 5.7.2

  '@solana/codecs-numbers@2.0.0-rc.4(typescript@5.7.2)':
    dependencies:
      '@solana/codecs-core': 2.0.0-rc.4(typescript@5.7.2)
      '@solana/errors': 2.0.0-rc.4(typescript@5.7.2)
      typescript: 5.7.2

  '@solana/codecs-strings@2.0.0-rc.4(fastestsmallesttextencoderdecoder@1.0.22)(typescript@5.7.2)':
    dependencies:
      '@solana/codecs-core': 2.0.0-rc.4(typescript@5.7.2)
      '@solana/codecs-numbers': 2.0.0-rc.4(typescript@5.7.2)
      '@solana/errors': 2.0.0-rc.4(typescript@5.7.2)
      fastestsmallesttextencoderdecoder: 1.0.22
      typescript: 5.7.2

  '@solana/errors@2.0.0-rc.4(typescript@5.7.2)':
    dependencies:
      chalk: 5.3.0
      commander: 12.1.0
      typescript: 5.7.2

  '@types/fs-extra@11.0.4':
    dependencies:
      '@types/jsonfile': 6.1.4
      '@types/node': 22.9.0
    optional: true

  '@types/jsonfile@6.1.4':
    dependencies:
      '@types/node': 22.9.0
    optional: true

  '@types/node@22.9.0':
    dependencies:
      undici-types: 6.19.8
    optional: true

  a-sync-waterfall@1.0.1: {}

  asap@2.0.6: {}

  call-bind@1.0.7:
    dependencies:
      es-define-property: 1.0.0
      es-errors: 1.3.0
      function-bind: 1.1.2
      get-intrinsic: 1.2.4
      set-function-length: 1.2.2

  chalk@5.3.0: {}

  codama@1.1.0:
    dependencies:
      '@codama/errors': 1.1.0
      '@codama/nodes': 1.1.0
      '@codama/validators': 1.1.0
      '@codama/visitors': 1.1.0

  commander@12.1.0: {}

  commander@5.1.0: {}

  define-data-property@1.1.4:
    dependencies:
      es-define-property: 1.0.0
      es-errors: 1.3.0
      gopd: 1.0.1

  es-define-property@1.0.0:
    dependencies:
      get-intrinsic: 1.2.4

  es-errors@1.3.0: {}

  fastestsmallesttextencoderdecoder@1.0.22: {}

  function-bind@1.1.2: {}

  get-intrinsic@1.2.4:
    dependencies:
      es-errors: 1.3.0
      function-bind: 1.1.2
      has-proto: 1.0.3
      has-symbols: 1.0.3
      hasown: 2.0.2

  gopd@1.0.1:
    dependencies:
      get-intrinsic: 1.2.4

  has-property-descriptors@1.0.2:
    dependencies:
      es-define-property: 1.0.0

  has-proto@1.0.3: {}

  has-symbols@1.0.3: {}

  hasown@2.0.2:
    dependencies:
      function-bind: 1.1.2

  isarray@2.0.5: {}

  json-stable-stringify@1.1.1:
    dependencies:
      call-bind: 1.0.7
      isarray: 2.0.5
      jsonify: 0.0.1
      object-keys: 1.1.1

  jsonify@0.0.1: {}

  nunjucks@3.2.4:
    dependencies:
      a-sync-waterfall: 1.0.1
      asap: 2.0.6
      commander: 5.1.0

  object-keys@1.1.1: {}

  prettier@3.3.3: {}

  set-function-length@1.2.2:
    dependencies:
      define-data-property: 1.1.4
      es-errors: 1.3.0
      function-bind: 1.1.2
      get-intrinsic: 1.2.4
      gopd: 1.0.1
      has-property-descriptors: 1.0.2

  typescript@5.7.2: {}

  undici-types@6.19.8:
    optional: true

  zx@8.2.4:
    optionalDependencies:
      '@types/fs-extra': 11.0.4
      '@types/node': 22.9.0
