lockfileVersion: '9.0'

settings:
  autoInstallPeers: true
  excludeLinksFromLockfile: false

importers:

  .:
    devDependencies:
      '@codama/renderers-js':
        specifier: ^2.3.1
        version: 2.3.1(fastestsmallesttextencoderdecoder@1.0.22)(typescript@5.9.3)
      '@codama/renderers-rust':
        specifier: ^3.1.2
        version: 3.1.2(fastestsmallesttextencoderdecoder@1.0.22)(typescript@5.9.3)
      codama:
        specifier: ^1.10
        version: 1.10.0
      typescript:
        specifier: ^5.9.3
        version: 5.9.3

packages:

  '@codama/cli@1.6.0':
    resolution: {integrity: sha512-68fam0kzWsKp2ip/LZn3kDyFjWcbzHExCuDgEHGTX8C0gSscMch/c4EgtTq7NsWKc1cse0GMC5WIxCFumroTyQ==}
    hasBin: true

  '@codama/errors@1.10.0':
    resolution: {integrity: sha512-/qiWQcbPIsyFlP1LrLqJfHt1QNbkY2wtC4UxZyKLnuZtc62YPlgDrN2wp4wcfRuE/DC0n3Y6ZSwYUrDBZyAnvA==}
    hasBin: true

  '@codama/fragments@0.1.3':
    resolution: {integrity: sha512-ITa3UYs74AWx7se/6EZN+YXqV1Vu89L3n2v0/irsQNbPcy8wP26p/GKns/1H4a8vGvAKuzWdIGO535dwcauInw==}

  '@codama/node-types@1.10.0':
    resolution: {integrity: sha512-fMoJQ8TgB9A5Pl+GA8ffhDbGK63cV1nrbDrYTgIhPDKeVqBSdkSAoAuAtvWfRd7X2ML73H6RRi6jZRJmo2xfHQ==}

  '@codama/nodes@1.10.0':
    resolution: {integrity: sha512-P3NXVw6kZq2VDb4wYU6zQ3xFksDqSuDYqp11P6Dpei9XIZZ11NtL2jBjBcqsIudGIx104bMgSo4SZ7Hlej056A==}

  '@codama/renderers-core@1.3.11':
    resolution: {integrity: sha512-VSGrfmwPVv5cRAiHitgIq+rc9ktIN/Q9czbUORaqhZCmM+M3Ux5cd5r90PVTbeIt8vI0Zlw74OUFwdKqdEfSNw==}

  '@codama/renderers-js@2.3.1':
    resolution: {integrity: sha512-+7WtjpcqnlPkweG+tWWiER2XkJP7SF+RJgYpI0RHc91ZP60Umt0qc+0JPuqMyiPhVrLTN2U/lpsBDQw2MeEsvA==}
    engines: {node: '>=20.18.0'}

  '@codama/renderers-rust@3.1.2':
    resolution: {integrity: sha512-Yh/6VsvKSqzYHzApJkUAxTV9tUIxvAxbfXKj1ghTJovLyoXb8H9pGtYtTRSJ6MbaLZHeqFp7qeZ8jkl9xNublg==}
    engines: {node: '>=20.18.0'}

  '@codama/validators@1.10.0':
    resolution: {integrity: sha512-5WH1IHmyVVG/9QThZsrVM2ROv5w3yLF/8+4HK/kr8uw0ZXnIBGidnmyrxr1P8V+X6DgZqKJaX46V30dSs/NOTQ==}

  '@codama/visitors-core@1.10.0':
    resolution: {integrity: sha512-8koBGs4m/NI4nDLJZx7Q1KzRUKkBy/GAnZq4xOEFGlhTvDCIAzEgo3biAhNFynGY45gzZJSX08QTDWKsPRjnaA==}

  '@codama/visitors@1.10.0':
    resolution: {integrity: sha512-xAGKosZQnXBo9MiHFipA9Dsec1k9nbpv5UgUyY1j3l85FGEZQT2tHqrNxtBmPrC3LNSLVOfAdiUUMVUXUX5ydA==}

  '@iarna/toml@2.2.5':
    resolution: {integrity: sha512-trnsAYxU3xnS1gPHPyU961coFyLkh4gAD/0zQ5mymY4yOZ+CYvsPqUbOFSw0aDM4y0tV7tiFxL/1XfXPNC6IPg==}

  '@solana/codecs-core@7.0.0':
    resolution: {integrity: sha512-6HtEisZEtFb6okARUgYqmKdDbn2aHRrSCDgB1/GEwr0s6fK5XNYpafaSjorbs2MEyZV3tCUFTj2j6fk/4nNcLg==}
    engines: {node: '>=20.18.0'}
    peerDependencies:
      typescript: '>=5.4.0'
    peerDependenciesMeta:
      typescript:
        optional: true

  '@solana/codecs-numbers@7.0.0':
    resolution: {integrity: sha512-XL0jnmnXr3ceoX4tusT+XkBVR2iGKEJecTIXbIV7ILi9xObg3fNXafNbTmbIOvKc0ByTyjo8EWZ9jQKSRWgsgA==}
    engines: {node: '>=20.18.0'}
    peerDependencies:
      typescript: '>=5.4.0'
    peerDependenciesMeta:
      typescript:
        optional: true

  '@solana/codecs-strings@7.0.0':
    resolution: {integrity: sha512-zXE1PE9HkVk6phZ6aqHTXvLZ0qIl5bJNIvG9eMB7LuFO1XBVQywJUtjKS8fE3/xmRCWSMilFSrEXGA+SpOyLrQ==}
    engines: {node: '>=20.18.0'}
    peerDependencies:
      fastestsmallesttextencoderdecoder: ^1.0.22
      typescript: '>=5.4.0'
    peerDependenciesMeta:
      fastestsmallesttextencoderdecoder:
        optional: true
      typescript:
        optional: true

  '@solana/errors@7.0.0':
    resolution: {integrity: sha512-94r+LLSzZ0XVp+LOogwxWGXeo138uvwqtqRW9Tjl1DIXrFgh8euXnJSXZyydu1UXJs7ItOSm0QreJviSGw3TGQ==}
    engines: {node: '>=20.18.0'}
    hasBin: true
    peerDependencies:
      typescript: '>=5.4.0'
    peerDependenciesMeta:
      typescript:
        optional: true

  a-sync-waterfall@1.0.1:
    resolution: {integrity: sha512-RYTOHHdWipFUliRFMCS4X2Yn2X8M87V/OpSqWzKKOGhzqyUxzyVmhHDH9sAvG+ZuQf/TAOFsLCpMw09I1ufUnA==}

  asap@2.0.6:
    resolution: {integrity: sha512-BSHWgDSAiKs50o2Re8ppvp3seVHXSRM44cdSsT9FfNEUUZLOGWVCsiWaRPWM1Znn+mqZ1OfVZ3z3DWEzSp7hRA==}

  call-bind-apply-helpers@1.0.2:
    resolution: {integrity: sha512-Sp1ablJ0ivDkSzjcaJdxEunN5/XvksFJ2sMBFfq6x0ryhQV/2b/KwFe21cMpmHtPOSij8K99/wSfoEuTObmuMQ==}
    engines: {node: '>= 0.4'}

  call-bind@1.0.8:
    resolution: {integrity: sha512-oKlSFMcMwpUg2ednkhQ454wfWiU/ul3CkJe/PEHcTKuiX6RpbehUiFMXu13HalGZxfUwCQzZG747YXBn1im9ww==}
    engines: {node: '>= 0.4'}

  call-bound@1.0.4:
    resolution: {integrity: sha512-+ys997U96po4Kx/ABpBCqhA9EuxJaQWDQg7295H4hBphv3IZg0boBKuwYpt4YXp6MZ5AmZQnU/tyMTlRpaSejg==}
    engines: {node: '>= 0.4'}

  chalk@5.6.2:
    resolution: {integrity: sha512-7NzBL0rN6fMUW+f7A6Io4h40qQlG+xGmtMxfbnH/K7TAtt8JQWVQK+6g0UXKMeVJoyV5EkkNsErQ8pVD3bLHbA==}
    engines: {node: ^12.17.0 || ^14.13 || >=16.0.0}

  codama@1.10.0:
    resolution: {integrity: sha512-fH1wz1P6bbPOWNM23Sk4VzRSpqxRW1CpXNiWQY23vHT2tno/K1/JtaaUc7DS5ddl5rGFKtq9R2UFsegR96IxRQ==}
    hasBin: true

  commander@14.0.3:
    resolution: {integrity: sha512-H+y0Jo/T1RZ9qPP4Eh1pkcQcLRglraJaSLoyOtHxu6AapkjWVCy2Sit1QQ4x3Dng8qDlSsZEet7g5Pq06MvTgw==}
    engines: {node: '>=20'}

  commander@15.0.0:
    resolution: {integrity: sha512-z67u4ZhzCL/Tydu1lJARtEZYWbWaN7oYLHbsuzocr6y4N6WZAagG3RQ4FW61V1/0+jImpj293XfrcYnd1qxtPg==}
    engines: {node: '>=22.12.0'}

  commander@5.1.0:
    resolution: {integrity: sha512-P0CysNDQ7rtVw4QIQtm+MRxV66vKFSvlsQvGYXZWR3qFU0jlMKHZZZgw8e+8DSah4UDKMqnknRDQz+xuQXQ/Zg==}
    engines: {node: '>= 6'}

  define-data-property@1.1.4:
    resolution: {integrity: sha512-rBMvIzlpA8v6E+SJZoo++HAYqsLrkg7MSfIinMPFhmkorw7X+dOXVJQs+QT69zGkzMyfDnIMN2Wid1+NbL3T+A==}
    engines: {node: '>= 0.4'}

  dunder-proto@1.0.1:
    resolution: {integrity: sha512-KIN/nDJBQRcXw0MLVhZE9iQHmG68qAVIBg9CqmUYjmQIhgij9U5MFvrqkUL5FbtyyzZuOeOt0zdeRe4UY7ct+A==}
    engines: {node: '>= 0.4'}

  es-define-property@1.0.1:
    resolution: {integrity: sha512-e3nRfgfUZ4rNGL232gUgX06QNyyez04KdjFrF+LTRoOXmrOgFKDg4BCdsjW8EnT69eqdYGmRpJwiPVYNrCaW3g==}
    engines: {node: '>= 0.4'}

  es-errors@1.3.0:
    resolution: {integrity: sha512-Zf5H2Kxt2xjTvbJvP2ZWLEICxA6j+hAmMzIlypy4xcBg1vKVnx89Wy0GbS+kf5cwCVFFzdCFh2XSCFNULS6csw==}
    engines: {node: '>= 0.4'}

  es-object-atoms@1.1.1:
    resolution: {integrity: sha512-FGgH2h8zKNim9ljj7dankFPcICIK9Cp5bm+c2gQSYePhpaG5+esrLODihIorn+Pe6FGJzWhXQotPv73jTaldXA==}
    engines: {node: '>= 0.4'}

  fastestsmallesttextencoderdecoder@1.0.22:
    resolution: {integrity: sha512-Pb8d48e+oIuY4MaM64Cd7OW1gt4nxCHs7/ddPPZ/Ic3sg8yVGM7O9wDvZ7us6ScaUupzM+pfBolwtYhN1IxBIw==}

  function-bind@1.1.2:
    resolution: {integrity: sha512-7XHNxH7qX9xG5mIwxkhumTox/MIRNcOgDrxWsMt2pAr23WHp6MrRlN7FBSFpCpr+oVO0F744iUgR82nJMfG2SA==}

  get-intrinsic@1.3.0:
    resolution: {integrity: sha512-9fSjSaos/fRIVIp+xSJlE6lfwhES7LNtKaCBIamHsjr2na1BiABJPo0mOjjz8GJDURarmCPGqaiVg5mfjb98CQ==}
    engines: {node: '>= 0.4'}

  get-proto@1.0.1:
    resolution: {integrity: sha512-sTSfBjoXBp89JvIKIefqw7U2CCebsc74kiY6awiGogKtoSGbgjYE/G/+l9sF3MWFPNc9IcoOC4ODfKHfxFmp0g==}
    engines: {node: '>= 0.4'}

  gopd@1.2.0:
    resolution: {integrity: sha512-ZUKRh6/kUFoAiTAtTYPZJ3hw9wNxx+BIBOijnlG9PnrJsCcSjs1wyyD6vJpaYtgnzDrKYRSqf3OO6Rfa93xsRg==}
    engines: {node: '>= 0.4'}

  has-property-descriptors@1.0.2:
    resolution: {integrity: sha512-55JNKuIW+vq4Ke1BjOTjM2YctQIvCT7GFzHwmfZPGo5wnrgkid0YQtnAleFSqumZm4az3n2BS+erby5ipJdgrg==}

  has-symbols@1.1.0:
    resolution: {integrity: sha512-1cDNdwJ2Jaohmb3sg4OmKaMBwuC48sYni5HUw2DvsC8LjGTLK9h+eb1X6RyuOHe4hT0ULCW68iomhjUoKUqlPQ==}
    engines: {node: '>= 0.4'}

  hasown@2.0.2:
    resolution: {integrity: sha512-0hJU9SCPvmMzIBdZFqNPXWa6dqh7WdH0cII9y+CyS8rG3nL48Bclra9HmKhVVUHyPWNH5Y7xDwAB7bfgSjkUMQ==}
    engines: {node: '>= 0.4'}

  isarray@2.0.5:
    resolution: {integrity: sha512-xHjhDr3cNBK0BzdUJSPXZntQUx/mwMS5Rw4A7lPJ90XGAO6ISP/ePDNuo0vhqOZU+UD5JoodwCAAoZQd3FeAKw==}

  json-stable-stringify@1.3.0:
    resolution: {integrity: sha512-qtYiSSFlwot9XHtF9bD9c7rwKjr+RecWT//ZnPvSmEjpV5mmPOCN4j8UjY5hbjNkOwZ/jQv3J6R1/pL7RwgMsg==}
    engines: {node: '>= 0.4'}

  jsonify@0.0.1:
    resolution: {integrity: sha512-2/Ki0GcmuqSrgFyelQq9M05y7PS0mEwuIzrf3f1fPqkVDVRvZrPZtVSMHxdgo8Aq0sxAOb/cr2aqqA3LeWHVPg==}

  kleur@3.0.3:
    resolution: {integrity: sha512-eTIzlVOSUR+JxdDFepEYcBMtZ9Qqdef+rnzWdRZuMbOywu5tO2w2N7rqjoANZ5k9vywhL6Br1VRjUIgTQx4E8w==}
    engines: {node: '>=6'}

  math-intrinsics@1.1.0:
    resolution: {integrity: sha512-/IXtbwEk5HTPyEwyKX6hGkYXxM9nbj64B+ilVJnC/R6B0pH5G4V3b0pVbL7DBj4tkhBAppbQUlf6F6Xl9LHu1g==}
    engines: {node: '>= 0.4'}

  nunjucks@3.2.4:
    resolution: {integrity: sha512-26XRV6BhkgK0VOxfbU5cQI+ICFUtMLixv1noZn1tGU38kQH5A5nmmbk/O45xdyBhD1esk47nKrY0mvQpZIhRjQ==}
    engines: {node: '>= 6.9.0'}
    hasBin: true
    peerDependencies:
      chokidar: ^3.3.0
    peerDependenciesMeta:
      chokidar:
        optional: true

  object-keys@1.1.1:
    resolution: {integrity: sha512-NuAESUOUMrlIXOfHKzD6bpPu3tYt3xvjNdRIQ+FeT0lNb4K8WR70CaDxhuNguS2XG+GjkyMwOzsN5ZktImfhLA==}
    engines: {node: '>= 0.4'}

  picocolors@1.1.1:
    resolution: {integrity: sha512-xceH2snhtb5M9liqDsmEw56le376mTZkEX/jEb/RxNFyegNul7eNslCXP9FDj/Lcu0X8KEyMceP2ntpaHrDEVA==}

  prettier@3.9.6:
    resolution: {integrity: sha512-OpN0zzVdiaiAhxpuuj5efpIS4sY9j7bY6uR5mnj5yPzGkdkjNKSJeUThPb60Jw29QuAZgA4o+/iB49kFiaBX6g==}
    engines: {node: '>=14'}
    hasBin: true

  prompts@2.4.2:
    resolution: {integrity: sha512-NxNv/kLguCA7p3jE8oL2aEBsrJWgAakBpgmgK6lpPWV+WuOmY6r2/zbAVnP+T8bQlA0nzHXSJSJW0Hq7ylaD2Q==}
    engines: {node: '>= 6'}

  semver@7.8.5:
    resolution: {integrity: sha512-Y7/KDsb8LjooZpwaqGyulO6DQlksgCncchHGk+sZIY4SBvUocMBEFH5Ur1fI4dV+Jvl0w6cjvucaIi40puRioA==}
    engines: {node: '>=10'}
    hasBin: true

  set-function-length@1.2.2:
    resolution: {integrity: sha512-pgRc4hJ4/sNjWCSS9AmnS40x3bNMDTknHgL5UaMBTMyJnU90EgWh1Rz+MC9eFu4BuN/UwZjKQuY/1v3rM7HMfg==}
    engines: {node: '>= 0.4'}

  sisteransi@1.0.5:
    resolution: {integrity: sha512-bLGGlR1QxBcynn2d5YmDX4MGjlZvy2MRBDRNHLJ8VI6l6+9FUiyTFNJ0IveOSP0bcXgVDPRcfGqA0pjaqUpfVg==}

  typescript@5.9.3:
    resolution: {integrity: sha512-jl1vZzPDinLr9eUt3J/t7V6FgNEw9QjvBPdysz9KfQDD41fQrC2Y4vKQdiaUpFT4bXlb1RHhLpp8wtm6M5TgSw==}
    engines: {node: '>=14.17'}
    hasBin: true

snapshots:

  '@codama/cli@1.6.0':
    dependencies:
      '@codama/nodes': 1.10.0
      '@codama/visitors': 1.10.0
      '@codama/visitors-core': 1.10.0
      commander: 14.0.3
      picocolors: 1.1.1
      prompts: 2.4.2

  '@codama/errors@1.10.0':
    dependencies:
      '@codama/node-types': 1.10.0
      commander: 14.0.3
      picocolors: 1.1.1

  '@codama/fragments@0.1.3':
    dependencies:
      '@codama/errors': 1.10.0

  '@codama/node-types@1.10.0': {}

  '@codama/nodes@1.10.0':
    dependencies:
      '@codama/errors': 1.10.0
      '@codama/node-types': 1.10.0

  '@codama/renderers-core@1.3.11':
    dependencies:
      '@codama/errors': 1.10.0
      '@codama/fragments': 0.1.3
      '@codama/nodes': 1.10.0
      '@codama/visitors-core': 1.10.0

  '@codama/renderers-js@2.3.1(fastestsmallesttextencoderdecoder@1.0.22)(typescript@5.9.3)':
    dependencies:
      '@codama/errors': 1.10.0
      '@codama/nodes': 1.10.0
      '@codama/renderers-core': 1.3.11
      '@codama/visitors-core': 1.10.0
      '@solana/codecs-strings': 7.0.0(fastestsmallesttextencoderdecoder@1.0.22)(typescript@5.9.3)
      prettier: 3.9.6
      semver: 7.8.5
    transitivePeerDependencies:
      - fastestsmallesttextencoderdecoder
      - typescript

  '@codama/renderers-rust@3.1.2(fastestsmallesttextencoderdecoder@1.0.22)(typescript@5.9.3)':
    dependencies:
      '@codama/errors': 1.10.0
      '@codama/nodes': 1.10.0
      '@codama/renderers-core': 1.3.11
      '@codama/visitors-core': 1.10.0
      '@iarna/toml': 2.2.5
      '@solana/codecs-strings': 7.0.0(fastestsmallesttextencoderdecoder@1.0.22)(typescript@5.9.3)
      nunjucks: 3.2.4
      semver: 7.8.5
    transitivePeerDependencies:
      - chokidar
      - fastestsmallesttextencoderdecoder
      - typescript

  '@codama/validators@1.10.0':
    dependencies:
      '@codama/errors': 1.10.0
      '@codama/nodes': 1.10.0
      '@codama/visitors-core': 1.10.0

  '@codama/visitors-core@1.10.0':
    dependencies:
      '@codama/errors': 1.10.0
      '@codama/nodes': 1.10.0
      json-stable-stringify: 1.3.0

  '@codama/visitors@1.10.0':
    dependencies:
      '@codama/errors': 1.10.0
      '@codama/nodes': 1.10.0
      '@codama/visitors-core': 1.10.0

  '@iarna/toml@2.2.5': {}

  '@solana/codecs-core@7.0.0(typescript@5.9.3)':
    dependencies:
      '@solana/errors': 7.0.0(typescript@5.9.3)
    optionalDependencies:
      typescript: 5.9.3

  '@solana/codecs-numbers@7.0.0(typescript@5.9.3)':
    dependencies:
      '@solana/codecs-core': 7.0.0(typescript@5.9.3)
      '@solana/errors': 7.0.0(typescript@5.9.3)
    optionalDependencies:
      typescript: 5.9.3

  '@solana/codecs-strings@7.0.0(fastestsmallesttextencoderdecoder@1.0.22)(typescript@5.9.3)':
    dependencies:
      '@solana/codecs-core': 7.0.0(typescript@5.9.3)
      '@solana/codecs-numbers': 7.0.0(typescript@5.9.3)
      '@solana/errors': 7.0.0(typescript@5.9.3)
    optionalDependencies:
      fastestsmallesttextencoderdecoder: 1.0.22
      typescript: 5.9.3

  '@solana/errors@7.0.0(typescript@5.9.3)':
    dependencies:
      chalk: 5.6.2
      commander: 15.0.0
    optionalDependencies:
      typescript: 5.9.3

  a-sync-waterfall@1.0.1: {}

  asap@2.0.6: {}

  call-bind-apply-helpers@1.0.2:
    dependencies:
      es-errors: 1.3.0
      function-bind: 1.1.2

  call-bind@1.0.8:
    dependencies:
      call-bind-apply-helpers: 1.0.2
      es-define-property: 1.0.1
      get-intrinsic: 1.3.0
      set-function-length: 1.2.2

  call-bound@1.0.4:
    dependencies:
      call-bind-apply-helpers: 1.0.2
      get-intrinsic: 1.3.0

  chalk@5.6.2: {}

  codama@1.10.0:
    dependencies:
      '@codama/cli': 1.6.0
      '@codama/errors': 1.10.0
      '@codama/nodes': 1.10.0
      '@codama/validators': 1.10.0
      '@codama/visitors': 1.10.0

  commander@14.0.3: {}

  commander@15.0.0: {}

  commander@5.1.0: {}

  define-data-property@1.1.4:
    dependencies:
      es-define-property: 1.0.1
      es-errors: 1.3.0
      gopd: 1.2.0

  dunder-proto@1.0.1:
    dependencies:
      call-bind-apply-helpers: 1.0.2
      es-errors: 1.3.0
      gopd: 1.2.0

  es-define-property@1.0.1: {}

  es-errors@1.3.0: {}

  es-object-atoms@1.1.1:
    dependencies:
      es-errors: 1.3.0

  fastestsmallesttextencoderdecoder@1.0.22:
    optional: true

  function-bind@1.1.2: {}

  get-intrinsic@1.3.0:
    dependencies:
      call-bind-apply-helpers: 1.0.2
      es-define-property: 1.0.1
      es-errors: 1.3.0
      es-object-atoms: 1.1.1
      function-bind: 1.1.2
      get-proto: 1.0.1
      gopd: 1.2.0
      has-symbols: 1.1.0
      hasown: 2.0.2
      math-intrinsics: 1.1.0

  get-proto@1.0.1:
    dependencies:
      dunder-proto: 1.0.1
      es-object-atoms: 1.1.1

  gopd@1.2.0: {}

  has-property-descriptors@1.0.2:
    dependencies:
      es-define-property: 1.0.1

  has-symbols@1.1.0: {}

  hasown@2.0.2:
    dependencies:
      function-bind: 1.1.2

  isarray@2.0.5: {}

  json-stable-stringify@1.3.0:
    dependencies:
      call-bind: 1.0.8
      call-bound: 1.0.4
      isarray: 2.0.5
      jsonify: 0.0.1
      object-keys: 1.1.1

  jsonify@0.0.1: {}

  kleur@3.0.3: {}

  math-intrinsics@1.1.0: {}

  nunjucks@3.2.4:
    dependencies:
      a-sync-waterfall: 1.0.1
      asap: 2.0.6
      commander: 5.1.0

  object-keys@1.1.1: {}

  picocolors@1.1.1: {}

  prettier@3.9.6: {}

  prompts@2.4.2:
    dependencies:
      kleur: 3.0.3
      sisteransi: 1.0.5

  semver@7.8.5: {}

  set-function-length@1.2.2:
    dependencies:
      define-data-property: 1.1.4
      es-errors: 1.3.0
      function-bind: 1.1.2
      get-intrinsic: 1.3.0
      gopd: 1.2.0
      has-property-descriptors: 1.0.2

  sisteransi@1.0.5: {}

  typescript@5.9.3: {}
